
Microsoft Visual Studio Solution File, Format Version 12.00
# Visual Studio 2013
VisualStudioVersion = 12.0.31101.0
MinimumVisualStudioVersion = 10.0.40219.1
Project("{FAE04EC0-301F-11D3-BF4B-00C04F79EFBC}") = "riverOx_barcode128", "riverOx_barcode128\riverOx_barcode128.csproj", "{B031245A-7A18-4464-A10D-5D3F78CF4AF1}"
EndProject
Project("{E24C65DC-7377-472B-9ABA-BC803B73C61A}") = "TestBarcodeWebsite", "http://localhost:51421", "{4D29444A-E712-46C5-9BED-EBC77D96C1CC}"
	ProjectSection(WebsiteProperties) = preProject
		UseIISExpress = "true"
		TargetFrameworkMoniker = ".NETFramework,Version%3Dv4.5"
		ProjectReferences = "{b031245a-7a18-4464-a10d-5d3f78cf4af1}|riverOx_barcode128.dll;"
		Debug.AspNetCompiler.VirtualPath = "/localhost_51421"
		Debug.AspNetCompiler.PhysicalPath = "..\..\WebSites\TestBarcodeWebsite\"
		Debug.AspNetCompiler.TargetPath = "PrecompiledWeb\localhost_51421\"
		Debug.AspNetCompiler.Updateable = "true"
		Debug.AspNetCompiler.ForceOverwrite = "true"
		Debug.AspNetCompiler.FixedNames = "false"
		Debug.AspNetCompiler.Debug = "True"
		Release.AspNetCompiler.VirtualPath = "/localhost_51421"
		Release.AspNetCompiler.PhysicalPath = "..\..\WebSites\TestBarcodeWebsite\"
		Release.AspNetCompiler.TargetPath = "PrecompiledWeb\localhost_51421\"
		Release.AspNetCompiler.Updateable = "true"
		Release.AspNetCompiler.ForceOverwrite = "true"
		Release.AspNetCompiler.FixedNames = "false"
		Release.AspNetCompiler.Debug = "False"
		SlnRelativePath = "..\..\WebSites\TestBarcodeWebsite\"
		DefaultWebSiteLanguage = "Visual Basic"
	EndProjectSection
EndProject
Global
	GlobalSection(SolutionConfigurationPlatforms) = preSolution
		Debug|Any CPU = Debug|Any CPU
		Release|Any CPU = Release|Any CPU
	EndGlobalSection
	GlobalSection(ProjectConfigurationPlatforms) = postSolution
		{B031245A-7A18-4464-A10D-5D3F78CF4AF1}.Debug|Any CPU.ActiveCfg = Debug|Any CPU
		{B031245A-7A18-4464-A10D-5D3F78CF4AF1}.Debug|Any CPU.Build.0 = Debug|Any CPU
		{B031245A-7A18-4464-A10D-5D3F78CF4AF1}.Release|Any CPU.ActiveCfg = Release|Any CPU
		{B031245A-7A18-4464-A10D-5D3F78CF4AF1}.Release|Any CPU.Build.0 = Release|Any CPU
		{4D29444A-E712-46C5-9BED-EBC77D96C1CC}.Debug|Any CPU.ActiveCfg = Debug|Any CPU
		{4D29444A-E712-46C5-9BED-EBC77D96C1CC}.Debug|Any CPU.Build.0 = Debug|Any CPU
		{4D29444A-E712-46C5-9BED-EBC77D96C1CC}.Release|Any CPU.ActiveCfg = Debug|Any CPU
		{4D29444A-E712-46C5-9BED-EBC77D96C1CC}.Release|Any CPU.Build.0 = Debug|Any CPU
	EndGlobalSection
	GlobalSection(SolutionProperties) = preSolution
		HideSolutionNode = FALSE
	EndGlobalSection
EndGlobal
